// !$*UTF8*$!
{
	archiveVersion = 1;
	classes = {
	};
	objectVersion = 50;
	objects = {

/* Begin PBXBuildFile section */
		A5FC6AC321C9CD530085A3C8 /* AppDelegate.swift in Sources */ = {isa = PBXBuildFile; fileRef = A5FC6AC221C9CD530085A3C8 /* AppDelegate.swift */; };
		A5FC6AC521C9CD530085A3C8 /* ViewController.swift in Sources */ = {isa = PBXBuildFile; fileRef = A5FC6AC421C9CD530085A3C8 /* ViewController.swift */; };
		A5FC6AC821C9CD530085A3C8 /* Main.storyboard in Resources */ = {isa = PBXBuildFile; fileRef = A5FC6AC621C9CD530085A3C8 /* Main.storyboard */; };
		A5FC6ACB21C9CD540085A3C8 /* ToDoList2.xcdatamodeld in Sources */ = {isa = PBXBuildFile; fileRef = A5FC6AC921C9CD540085A3C8 /* ToDoList2.xcdatamodeld */; };
		A5FC6ACD21C9CD6B0085A3C8 /* Assets.xcassets in Resources */ = {isa = PBXBuildFile; fileRef = A5FC6ACC21C9CD6B0085A3C8 /* Assets.xcassets */; };
		A5FC6AD021C9CD6B0085A3C8 /* LaunchScreen.storyboard in Resources */ = {isa = PBXBuildFile; fileRef = A5FC6ACE21C9CD6B0085A3C8 /* LaunchScreen.storyboard */; };
		A5FC6ADB21C9CD6C0085A3C8 /* ToDoList2Tests.swift in Sources */ = {isa = PBXBuildFile; fileRef = A5FC6ADA21C9CD6C0085A3C8 /* ToDoList2Tests.swift */; };
/* End PBXBuildFile section */

/* Begin PBXContainerItemProxy section */
		A5FC6AD721C9CD6C0085A3C8 /* PBXContainerItemProxy */ = {
			isa = PBXContainerItemProxy;
			containerPortal = A5FC6AB721C9CD530085A3C8 /* Project object */;
			proxyType = 1;
			remoteGlobalIDString = A5FC6ABE21C9CD530085A3C8;
			remoteInfo = ToDoList2;
		};
/* End PBXContainerItemProxy section */

/* Begin PBXFileReference section */
		A5FC6ABF21C9CD530085A3C8 /* ToDoList2.app */ = {isa = PBXFileReference; explicitFileType = wrapper.application; includeInIndex = 0; path = ToDoList2.app; sourceTree = BUILT_PRODUCTS_DIR; };
		A5FC6AC221C9CD530085A3C8 /* AppDelegate.swift */ = {isa = PBXFileReference; lastKnownFileType = sourcecode.swift; path = AppDelegate.swift; sourceTree = "<group>"; };
		A5FC6AC421C9CD530085A3C8 /* ViewController.swift */ = {isa = PBXFileReference; lastKnownFileType = sourcecode.swift; path = ViewController.swift; sourceTree = "<group>"; };
		A5FC6AC721C9CD530085A3C8 /* Base */ = {isa = PBXFileReference; lastKnownFileType = file.storyboard; name = Base; path = Base.lproj/Main.storyboard; sourceTree = "<group>"; };
		A5FC6ACA21C9CD540085A3C8 /* ToDoList2.xcdatamodel */ = {isa = PBXFileReference; lastKnownFileType = wrapper.xcdatamodel; path = ToDoList2.xcdatamodel; sourceTree = "<group>"; };
		A5FC6ACC21C9CD6B0085A3C8 /* Assets.xcassets */ = {isa = PBXFileReference; lastKnownFileType = folder.assetcatalog; path = Assets.xcassets; sourceTree = "<group>"; };
		A5FC6ACF21C9CD6B0085A3C8 /* Base */ = {isa = PBXFileReference; lastKnownFileType = file.storyboard; name = Base; path = Base.lproj/LaunchScreen.storyboard; sourceTree = "<group>"; };
		A5FC6AD121C9CD6B0085A3C8 /* Info.plist */ = {isa = PBXFileReference; lastKnownFileType = text.plist.xml; path = Info.plist; sourceTree = "<group>"; };
		A5FC6AD621C9CD6B0085A3C8 /* ToDoList2Tests.xctest */ = {isa = PBXFileReference; explicitFileType = wrapper.cfbundle; includeInIndex = 0; path = ToDoList2Tests.xctest; sourceTree = BUILT_PRODUCTS_DIR; };
		A5FC6ADA21C9CD6C0085A3C8 /* ToDoList2Tests.swift */ = {isa = PBXFileReference; lastKnownFileType = sourcecode.swift; path = ToDoList2Tests.swift; sourceTree = "<group>"; };
		A5FC6ADC21C9CD6C0085A3C8 /* Info.plist */ = {isa = PBXFileReference; lastKnownFileType = text.plist.xml; path = Info.plist; sourceTree = "<group>"; };
/* End PBXFileReference section */

/* Begin PBXFrameworksBuildPhase section */
		A5FC6ABC21C9CD530085A3C8 /* Frameworks */ = {
			isa = PBXFrameworksBuildPhase;
			buildActionMask = 2147483647;
			files = (
			);
			runOnlyForDeploymentPostprocessing = 0;
		};
		A5FC6AD321C9CD6B0085A3C8 /* Frameworks */ = {
			isa = PBXFrameworksBuildPhase;
			buildActionMask = 2147483647;
			files = (
			);
			runOnlyForDeploymentPostprocessing = 0;
		};
/* End PBXFrameworksBuildPhase section */

/* Begin PBXGroup section */
		A5FC6AB621C9CD530085A3C8 = {
			isa = PBXGroup;
			children = (
				A5FC6AC121C9CD530085A3C8 /* ToDoList2 */,
				A5FC6AD921C9CD6C0085A3C8 /* ToDoList2Tests */,
				A5FC6AC021C9CD530085A3C8 /* Products */,
			);
			sourceTree = "<group>";
		};
		A5FC6AC021C9CD530085A3C8 /* Products */ = {
			isa = PBXGroup;
			children = (
				A5FC6ABF21C9CD530085A3C8 /* ToDoList2.app */,
				A5FC6AD621C9CD6B0085A3C8 /* ToDoList2Tests.xctest */,
			);
			name = Products;
			sourceTree = "<group>";
		};
		A5FC6AC121C9CD530085A3C8 /* ToDoList2 */ = {
			isa = PBXGroup;
			children = (
				A5FC6AC221C9CD530085A3C8 /* AppDelegate.swift */,
				A5FC6AC421C9CD530085A3C8 /* ViewController.swift */,
				A5FC6AC621C9CD530085A3C8 /* Main.storyboard */,
				A5FC6ACC21C9CD6B0085A3C8 /* Assets.xcassets */,
				A5FC6ACE21C9CD6B0085A3C8 /* LaunchScreen.storyboard */,
				A5FC6AD121C9CD6B0085A3C8 /* Info.plist */,
				A5FC6AC921C9CD540085A3C8 /* ToDoList2.xcdatamodeld */,
			);
			path = ToDoList2;
			sourceTree = "<group>";
		};
		A5FC6AD921C9CD6C0085A3C8 /* ToDoList2Tests */ = {
			isa = PBXGroup;
			children = (
				A5FC6ADA21C9CD6C0085A3C8 /* ToDoList2Tests.swift */,
				A5FC6ADC21C9CD6C0085A3C8 /* Info.plist */,
			);
			path = ToDoList2Tests;
			sourceTree = "<group>";
		};
/* End PBXGroup section */

/* Begin PBXNativeTarget section */
		A5FC6ABE21C9CD530085A3C8 /* ToDoList2 */ = {
			isa = PBXNativeTarget;
			buildConfigurationList = A5FC6ADF21C9CD6C0085A3C8 /* Build configuration list for PBXNativeTarget "ToDoList2" */;
			buildPhases = (
				A5FC6ABB21C9CD530085A3C8 /* Sources */,
				A5FC6ABC21C9CD530085A3C8 /* Frameworks */,
				A5FC6ABD21C9CD530085A3C8 /* Resources */,
			);
			buildRules = (
			);
			dependencies = (
			);
			name = ToDoList2;
			productName = ToDoList2;
			productReference = A5FC6ABF21C9CD530085A3C8 /* ToDoList2.app */;
			productType = "com.apple.product-type.application";
		};
		A5FC6AD521C9CD6B0085A3C8 /* ToDoList2Tests */ = {
			isa = PBXNativeTarget;
			buildConfigurationList = A5FC6AE221C9CD6C0085A3C8 /* Build configuration list for PBXNativeTarget "ToDoList2Tests" */;
			buildPhases = (
				A5FC6AD221C9CD6B0085A3C8 /* Sources */,
				A5FC6AD321C9CD6B0085A3C8 /* Frameworks */,
				A5FC6AD421C9CD6B0085A3C8 /* Resources */,
			);
			buildRules = (
			);
			dependencies = (
				A5FC6AD821C9CD6C0085A3C8 /* PBXTargetDependency */,
			);
			name = ToDoList2Tests;
			productName = ToDoList2Tests;
			productReference = A5FC6AD621C9CD6B0085A3C8 /* ToDoList2Tests.xctest */;
			productType = "com.apple.product-type.bundle.unit-test";
		};
/* End PBXNativeTarget section */

/* Begin PBXProject section */
		A5FC6AB721C9CD530085A3C8 /* Project object */ = {
			isa = PBXProject;
			attributes = {
				LastSwiftUpdateCheck = 1010;
				LastUpgradeCheck = 1010;
				ORGANIZATIONNAME = "Jun Dang";
				TargetAttributes = {
					A5FC6ABE21C9CD530085A3C8 = {
						CreatedOnToolsVersion = 10.1;
					};
					A5FC6AD521C9CD6B0085A3C8 = {
						CreatedOnToolsVersion = 10.1;
						TestTargetID = A5FC6ABE21C9CD530085A3C8;
					};
				};
			};
			buildConfigurationList = A5FC6ABA21C9CD530085A3C8 /* Build configuration list for PBXProject "ToDoList2" */;
			compatibilityVersion = "Xcode 9.3";
			developmentRegion = en;
			hasScannedForEncodings = 0;
			knownRegions = (
				en,
				Base,
			);
			mainGroup = A5FC6AB621C9CD530085A3C8;
			productRefGroup = A5FC6AC021C9CD530085A3C8 /* Products */;
			projectDirPath = "";
			projectRoot = "";
			targets = (
				A5FC6ABE21C9CD530085A3C8 /* ToDoList2 */,
				A5FC6AD521C9CD6B0085A3C8 /* ToDoList2Tests */,
			);
		};
/* End PBXProject section */

/* Begin PBXResourcesBuildPhase section */
		A5FC6ABD21C9CD530085A3C8 /* Resources */ = {
			isa = PBXResourcesBuildPhase;
			buildActionMask = 2147483647;
			files = (
				A5FC6AD021C9CD6B0085A3C8 /* LaunchScreen.storyboard in Resources */,
				A5FC6ACD21C9CD6B0085A3C8 /* Assets.xcassets in Resources */,
				A5FC6AC821C9CD530085A3C8 /* Main.storyboard in Resources */,
			);
			runOnlyForDeploymentPostprocessing = 0;
		};
		A5FC6AD421C9CD6B0085A3C8 /* Resources */ = {
			isa = PBXResourcesBuildPhase;
			buildActionMask = 2147483647;
			files = (
			);
			runOnlyForDeploymentPostprocessing = 0;
		};
/* End PBXResourcesBuildPhase section */

/* Begin PBXSourcesBuildPhase section */
		A5FC6ABB21C9CD530085A3C8 /* Sources */ = {
			isa = PBXSourcesBuildPhase;
			buildActionMask = 2147483647;
			files = (
				A5FC6AC521C9CD530085A3C8 /* ViewController.swift in Sources */,
				A5FC6AC321C9CD530085A3C8 /* AppDelegate.swift in Sources */,
				A5FC6ACB21C9CD540085A3C8 /* ToDoList2.xcdatamodeld in Sources */,
			);
			runOnlyForDeploymentPostprocessing = 0;
		};
		A5FC6AD221C9CD6B0085A3C8 /* Sources */ = {
			isa = PBXSourcesBuildPhase;
			buildActionMask = 2147483647;
			files = (
				A5FC6ADB21C9CD6C0085A3C8 /* ToDoList2Tests.swift in Sources */,
			);
			runOnlyForDeploymentPostprocessing = 0;
		};
/* End PBXSourcesBuildPhase section */

/* Begin PBXTargetDependency section */
		A5FC6AD821C9CD6C0085A3C8 /* PBXTargetDependency */ = {
			isa = PBXTargetDependency;
			target = A5FC6ABE21C9CD530085A3C8 /* ToDoList2 */;
			targetProxy = A5FC6AD721C9CD6C0085A3C8 /* PBXContainerItemProxy */;
		};
/* End PBXTargetDependency section */

/* Begin PBXVariantGroup section */
		A5FC6AC621C9CD530085A3C8 /* Main.storyboard */ = {
			isa = PBXVariantGroup;
			children = (
				A5FC6AC721C9CD530085A3C8 /* Base */,
			);
			name = Main.storyboard;
			sourceTree = "<group>";
		};
		A5FC6ACE21C9CD6B0085A3C8 /* LaunchScreen.storyboard */ = {
			isa = PBXVariantGroup;
			children = (
				A5FC6ACF21C9CD6B0085A3C8 /* Base */,
			);
			name = LaunchScreen.storyboard;
			sourceTree = "<group>";
		};
/* End PBXVariantGroup section */

/* Begin XCBuildConfiguration section */
		A5FC6ADD21C9CD6C0085A3C8 /* Debug */ = {
			isa = XCBuildConfiguration;
			buildSettings = {
				ALWAYS_SEARCH_USER_PATHS = NO;
				CLANG_ANALYZER_NONNULL = YES;
				CLANG_ANALYZER_NUMBER_OBJECT_CONVERSION = YES_AGGRESSIVE;
				CLANG_CXX_LANGUAGE_STANDARD = "gnu++14";
				CLANG_CXX_LIBRARY = "libc++";
				CLANG_ENABLE_MODULES = YES;
				CLANG_ENABLE_OBJC_ARC = YES;
				CLANG_ENABLE_OBJC_WEAK = YES;
				CLANG_WARN_BLOCK_CAPTURE_AUTORELEASING = YES;
				CLANG_WARN_BOOL_CONVERSION = YES;
				CLANG_WARN_COMMA = YES;
				CLANG_WARN_CONSTANT_CONVERSION = YES;
				CLANG_WARN_DEPRECATED_OBJC_IMPLEMENTATIONS = YES;
				CLANG_WARN_DIRECT_OBJC_ISA_USAGE = YES_ERROR;
				CLANG_WARN_DOCUMENTATION_COMMENTS = YES;
				CLANG_WARN_EMPTY_BODY = YES;
				CLANG_WARN_ENUM_CONVERSION = YES;
				CLANG_WARN_INFINITE_RECURSION = YES;
				CLANG_WARN_INT_CONVERSION = YES;
				CLANG_WARN_NON_LITERAL_NULL_CONVERSION = YES;
				CLANG_WARN_OBJC_IMPLICIT_RETAIN_SELF = YES;
				CLANG_WARN_OBJC_LITERAL_CONVERSION = YES;
				CLANG_WARN_OBJC_ROOT_CLASS = YES_ERROR;
				CLANG_WARN_RANGE_LOOP_ANALYSIS = YES;
				CLANG_WARN_STRICT_PROTOTYPES = YES;
				CLANG_WARN_SUSPICIOUS_MOVE = YES;
				CLANG_WARN_UNGUARDED_AVAILABILITY = YES_AGGRESSIVE;
				CLANG_WARN_UNREACHABLE_CODE = YES;
				CLANG_WARN__DUPLICATE_METHOD_MATCH = YES;
				CODE_SIGN_IDENTITY = "iPhone Developer";
				COPY_PHASE_STRIP = NO;
				DEBUG_INFORMATION_FORMAT = dwarf;
				ENABLE_STRICT_OBJC_MSGSEND = YES;
				ENABLE_TESTABILITY = YES;
				GCC_C_LANGUAGE_STANDARD = gnu11;
				GCC_DYNAMIC_NO_PIC = NO;
				GCC_NO_COMMON_BLOCKS = YES;
				GCC_OPTIMIZATION_LEVEL = 0;
				GCC_PREPROCESSOR_DEFINITIONS = (
					"DEBUG=1",
					"$(inherited)",
				);
				GCC_WARN_64_TO_32_BIT_CONVERSION = YES;
				GCC_WARN_ABOUT_RETURN_TYPE = YES_ERROR;
				GCC_WARN_UNDECLARED_SELECTOR = YES;
				GCC_WARN_UNINITIALIZED_AUTOS = YES_AGGRESSIVE;
				GCC_WARN_UNUSED_FUNCTION = YES;
				GCC_WARN_UNUSED_VARIABLE = YES;
				IPHONEOS_DEPLOYMENT_TARGET = 12.1;
				MTL_ENABLE_DEBUG_INFO = INCLUDE_SOURCE;
				MTL_FAST_MATH = YES;
				ONLY_ACTIVE_ARCH = YES;
				SDKROOT = iphoneos;
				SWIFT_ACTIVE_COMPILATION_CONDITIONS = DEBUG;
				SWIFT_OPTIMIZATION_LEVEL = "-Onone";
			};
			name = Debug;
		};
		A5FC6ADE21C9CD6C0085A3C8 /* Release */ = {
			isa = XCBuildConfiguration;
			buildSettings = {
				ALWAYS_SEARCH_USER_PATHS = NO;
				CLANG_ANALYZER_NONNULL = YES;
				CLANG_ANALYZER_NUMBER_OBJECT_CONVERSION = YES_AGGRESSIVE;
				CLANG_CXX_LANGUAGE_STANDARD = "gnu++14";
				CLANG_CXX_LIBRARY = "libc++";
				CLANG_ENABLE_MODULES = YES;
				CLANG_ENABLE_OBJC_ARC = YES;
				CLANG_ENABLE_OBJC_WEAK = YES;
				CLANG_WARN_BLOCK_CAPTURE_AUTORELEASING = YES;
				CLANG_WARN_BOOL_CONVERSION = YES;
				CLANG_WARN_COMMA = YES;
				CLANG_WARN_CONSTANT_CONVERSION = YES;
				CLANG_WARN_DEPRECATED_OBJC_IMPLEMENTATIONS = YES;
				CLANG_WARN_DIRECT_OBJC_ISA_USAGE = YES_ERROR;
				CLANG_WARN_DOCUMENTATION_COMMENTS = YES;
				CLANG_WARN_EMPTY_BODY = YES;
				CLANG_WARN_ENUM_CONVERSION = YES;
				CLANG_WARN_INFINITE_RECURSION = YES;
				CLANG_WARN_INT_CONVERSION = YES;
				CLANG_WARN_NON_LITERAL_NULL_CONVERSION = YES;
				CLANG_WARN_OBJC_IMPLICIT_RETAIN_SELF = YES;
				CLANG_WARN_OBJC_LITERAL_CONVERSION = YES;
				CLANG_WARN_OBJC_ROOT_CLASS = YES_ERROR;
				CLANG_WARN_RANGE_LOOP_ANALYSIS = YES;
				CLANG_WARN_STRICT_PROTOTYPES = YES;
				CLANG_WARN_SUSPICIOUS_MOVE = YES;
				CLANG_WARN_UNGUARDED_AVAILABILITY = YES_AGGRESSIVE;
				CLANG_WARN_UNREACHABLE_CODE = YES;
				CLANG_WARN__DUPLICATE_METHOD_MATCH = YES;
				CODE_SIGN_IDENTITY = "iPhone Developer";
				COPY_PHASE_STRIP = NO;
				DEBUG_INFORMATION_FORMAT = "dwarf-with-dsym";
				ENABLE_NS_ASSERTIONS = NO;
				ENABLE_STRICT_OBJC_MSGSEND = YES;
				GCC_C_LANGUAGE_STANDARD = gnu11;
				GCC_NO_COMMON_BLOCKS = YES;
				GCC_WARN_64_TO_32_BIT_CONVERSION = YES;
				GCC_WARN_ABOUT_RETURN_TYPE = YES_ERROR;
				GCC_WARN_UNDECLARED_SELECTOR = YES;
				GCC_WARN_UNINITIALIZED_AUTOS = YES_AGGRESSIVE;
				GCC_WARN_UNUSED_FUNCTION = YES;
				GCC_WARN_UNUSED_VARIABLE = YES;
				IPHONEOS_DEPLOYMENT_TARGET = 12.1;
				MTL_ENABLE_DEBUG_INFO = NO;
				MTL_FAST_MATH = YES;
				SDKROOT = iphoneos;
				SWIFT_COMPILATION_MODE = wholemodule;
				SWIFT_OPTIMIZATION_LEVEL = "-O";
				VALIDATE_PRODUCT = YES;
			};
			name = Release;
		};
		A5FC6AE021C9CD6C0085A3C8 /* Debug */ = {
			isa = XCBuildConfiguration;
			buildSettings = {
				ASSETCATALOG_COMPILER_APPICON_NAME = AppIcon;
				CODE_SIGN_STYLE = Automatic;
				DEVELOPMENT_TEAM = UY3JE2JN3T;
				INFOPLIST_FILE = ToDoList2/Info.plist;
				LD_RUNPATH_SEARCH_PATHS = (
					"$(inherited)",
					"@executable_path/Frameworks",
				);
				PRODUCT_BUNDLE_IDENTIFIER = beida.ca.ToDoList2;
				PRODUCT_NAME = "$(TARGET_NAME)";
				SWIFT_VERSION = 4.2;
				TARGETED_DEVICE_FAMILY = "1,2";
			};
			name = Debug;
		};
		A5FC6AE121C9CD6C0085A3C8 /* Release */ = {
			isa = XCBuildConfiguration;
			buildSettings = {
				ASSETCATALOG_COMPILER_APPICON_NAME = AppIcon;
				CODE_SIGN_STYLE = Automatic;
				DEVELOPMENT_TEAM = UY3JE2JN3T;
				INFOPLIST_FILE = ToDoList2/Info.plist;
				LD_RUNPATH_SEARCH_PATHS = (
					"$(inherited)",
					"@executable_path/Frameworks",
				);
				PRODUCT_BUNDLE_IDENTIFIER = beida.ca.ToDoList2;
				PRODUCT_NAME = "$(TARGET_NAME)";
				SWIFT_VERSION = 4.2;
				TARGETED_DEVICE_FAMILY = "1,2";
			};
			name = Release;
		};
		A5FC6AE321C9CD6C0085A3C8 /* Debug */ = {
			isa = XCBuildConfiguration;
			buildSettings = {
				ALWAYS_EMBED_SWIFT_STANDARD_LIBRARIES = YES;
				BUNDLE_LOADER = "$(TEST_HOST)";
				CODE_SIGN_STYLE = Automatic;
				DEVELOPMENT_TEAM = UY3JE2JN3T;
				INFOPLIST_FILE = ToDoList2Tests/Info.plist;
				LD_RUNPATH_SEARCH_PATHS = (
					"$(inherited)",
					"@executable_path/Frameworks",
					"@loader_path/Frameworks",
				);
				PRODUCT_BUNDLE_IDENTIFIER = beida.ca.ToDoList2Tests;
				PRODUCT_NAME = "$(TARGET_NAME)";
				SWIFT_VERSION = 4.2;
				TARGETED_DEVICE_FAMILY = "1,2";
				TEST_HOST = "$(BUILT_PRODUCTS_DIR)/ToDoList2.app/ToDoList2";
			};
			name = Debug;
		};
		A5FC6AE421C9CD6C0085A3C8 /* Release */ = {
			isa = XCBuildConfiguration;
			buildSettings = {
				ALWAYS_EMBED_SWIFT_STANDARD_LIBRARIES = YES;
				BUNDLE_LOADER = "$(TEST_HOST)";
				CODE_SIGN_STYLE = Automatic;
				DEVELOPMENT_TEAM = UY3JE2JN3T;
				INFOPLIST_FILE = ToDoList2Tests/Info.plist;
				LD_RUNPATH_SEARCH_PATHS = (
					"$(inherited)",
					"@executable_path/Frameworks",
					"@loader_path/Frameworks",
				);
				PRODUCT_BUNDLE_IDENTIFIER = beida.ca.ToDoList2Tests;
				PRODUCT_NAME = "$(TARGET_NAME)";
				SWIFT_VERSION = 4.2;
				TARGETED_DEVICE_FAMILY = "1,2";
				TEST_HOST = "$(BUILT_PRODUCTS_DIR)/ToDoList2.app/ToDoList2";
			};
			name = Release;
		};
/* End XCBuildConfiguration section */

/* Begin XCConfigurationList section */
		A5FC6ABA21C9CD530085A3C8 /* Build configuration list for PBXProject "ToDoList2" */ = {
			isa = XCConfigurationList;
			buildConfigurations = (
				A5FC6ADD21C9CD6C0085A3C8 /* Debug */,
				A5FC6ADE21C9CD6C0085A3C8 /* Release */,
			);
			defaultConfigurationIsVisible = 0;
			defaultConfigurationName = Release;
		};
		A5FC6ADF21C9CD6C0085A3C8 /* Build configuration list for PBXNativeTarget "ToDoList2" */ = {
			isa = XCConfigurationList;
			buildConfigurations = (
				A5FC6AE021C9CD6C0085A3C8 /* Debug */,
				A5FC6AE121C9CD6C0085A3C8 /* Release */,
			);
			defaultConfigurationIsVisible = 0;
			defaultConfigurationName = Release;
		};
		A5FC6AE221C9CD6C0085A3C8 /* Build configuration list for PBXNativeTarget "ToDoList2Tests" */ = {
			isa = XCConfigurationList;
			buildConfigurations = (
				A5FC6AE321C9CD6C0085A3C8 /* Debug */,
				A5FC6AE421C9CD6C0085A3C8 /* Release */,
			);
			defaultConfigurationIsVisible = 0;
			defaultConfigurationName = Release;
		};
/* End XCConfigurationList section */

/* Begin XCVersionGroup section */
		A5FC6AC921C9CD540085A3C8 /* ToDoList2.xcdatamodeld */ = {
			isa = XCVersionGroup;
			children = (
				A5FC6ACA21C9CD540085A3C8 /* ToDoList2.xcdatamodel */,
			);
			currentVersion = A5FC6ACA21C9CD540085A3C8 /* ToDoList2.xcdatamodel */;
			path = ToDoList2.xcdatamodeld;
			sourceTree = "<group>";
			versionGroupType = wrapper.xcdatamodel;
		};
/* End XCVersionGroup section */
	};
	rootObject = A5FC6AB721C9CD530085A3C8 /* Project object */;
}
